
Microsoft Visual Studio Solution File, Format Version 12.00
# Visual Studio Version 16
VisualStudioVersion = 16.0.31005.135
MinimumVisualStudioVersion = 10.0.40219.1
Project("{FAE04EC0-301F-11D3-BF4B-00C04F79EFBC}") = "VC.Android", "VC\VC.Android\VC.Android.csproj", "{0E77133D-4BD3-4E5D-AE6D-F32138C07137}"
EndProject
Project("{FAE04EC0-301F-11D3-BF4B-00C04F79EFBC}") = "VC", "VC\VC\VC.csproj", "{1BA77CE0-CFD0-4021-8F5B-8AB79E4557A0}"
EndProject
Global
	GlobalSection(SolutionConfigurationPlatforms) = preSolution
		Debug|Any CPU = Debug|Any CPU
		Release|Any CPU = Release|Any CPU
	EndGlobalSection
	GlobalSection(ProjectConfigurationPlatforms) = postSolution
		{0E77133D-4BD3-4E5D-AE6D-F32138C07137}.Debug|Any CPU.ActiveCfg = Debug|Any CPU
		{0E77133D-4BD3-4E5D-AE6D-F32138C07137}.Debug|Any CPU.Build.0 = Debug|Any CPU
		{0E77133D-4BD3-4E5D-AE6D-F32138C07137}.Debug|Any CPU.Deploy.0 = Debug|Any CPU
		{0E77133D-4BD3-4E5D-AE6D-F32138C07137}.Release|Any CPU.ActiveCfg = Release|Any CPU
		{0E77133D-4BD3-4E5D-AE6D-F32138C07137}.Release|Any CPU.Build.0 = Release|Any CPU
		{0E77133D-4BD3-4E5D-AE6D-F32138C07137}.Release|Any CPU.Deploy.0 = Release|Any CPU
		{1BA77CE0-CFD0-4021-8F5B-8AB79E4557A0}.Debug|Any CPU.ActiveCfg = Debug|Any CPU
		{1BA77CE0-CFD0-4021-8F5B-8AB79E4557A0}.Debug|Any CPU.Build.0 = Debug|Any CPU
		{1BA77CE0-CFD0-4021-8F5B-8AB79E4557A0}.Debug|Any CPU.Deploy.0 = Debug|Any CPU
		{1BA77CE0-CFD0-4021-8F5B-8AB79E4557A0}.Release|Any CPU.ActiveCfg = Release|Any CPU
		{1BA77CE0-CFD0-4021-8F5B-8AB79E4557A0}.Release|Any CPU.Build.0 = Release|Any CPU
		{1BA77CE0-CFD0-4021-8F5B-8AB79E4557A0}.Release|Any CPU.Deploy.0 = Release|Any CPU
	EndGlobalSection
	GlobalSection(SolutionProperties) = preSolution
		HideSolutionNode = FALSE
	EndGlobalSection
	GlobalSection(ExtensibilityGlobals) = postSolution
		SolutionGuid = {EFAD2C58-1F94-45A9-AB3D-D2ABE0C10231}
	EndGlobalSection
EndGlobal
